// !$*UTF8*$!
{
	archiveVersion = 1;
	classes = {
	};
	objectVersion = 46;
	objects = {

/* Begin PBXBuildFile section */
		D6B521D01E95FDB600D97E88 /* AppDelegate.swift in Sources */ = {isa = PBXBuildFile; fileRef = D6B521CF1E95FDB600D97E88 /* AppDelegate.swift */; };
		D6B521D21E95FDB600D97E88 /* ViewController.swift in Sources */ = {isa = PBXBuildFile; fileRef = D6B521D11E95FDB600D97E88 /* ViewController.swift */; };
		D6B521D51E95FDB600D97E88 /* Main.storyboard in Resources */ = {isa = PBXBuildFile; fileRef = D6B521D31E95FDB600D97E88 /* Main.storyboard */; };
		D6B521D71E95FDB600D97E88 /* Assets.xcassets in Resources */ = {isa = PBXBuildFile; fileRef = D6B521D61E95FDB600D97E88 /* Assets.xcassets */; };
		D6B521DA1E95FDB600D97E88 /* LaunchScreen.storyboard in Resources */ = {isa = PBXBuildFile; fileRef = D6B521D81E95FDB600D97E88 /* LaunchScreen.storyboard */; };
		E0681F970FA8C71CAA3E1297 /* Pods_Swift3_0___Weather.framework in Frameworks */ = {isa = PBXBuildFile; fileRef = B8CD00E346D8863D7F227D66 /* Pods_Swift3_0___Weather.framework */; };
/* End PBXBuildFile section */

/* Begin PBXFileReference section */
		2C123716313BE372DBCA0B67 /* Pods-Swift3.0 - Weather.release.xcconfig */ = {isa = PBXFileReference; includeInIndex = 1; lastKnownFileType = text.xcconfig; name = "Pods-Swift3.0 - Weather.release.xcconfig"; path = "Pods/Target Support Files/Pods-Swift3.0 - Weather/Pods-Swift3.0 - Weather.release.xcconfig"; sourceTree = "<group>"; };
		8EFD9D3A6B2EA04A45976D57 /* Pods-Swift3.0 - Weather.debug.xcconfig */ = {isa = PBXFileReference; includeInIndex = 1; lastKnownFileType = text.xcconfig; name = "Pods-Swift3.0 - Weather.debug.xcconfig"; path = "Pods/Target Support Files/Pods-Swift3.0 - Weather/Pods-Swift3.0 - Weather.debug.xcconfig"; sourceTree = "<group>"; };
		B8CD00E346D8863D7F227D66 /* Pods_Swift3_0___Weather.framework */ = {isa = PBXFileReference; explicitFileType = wrapper.framework; includeInIndex = 0; path = Pods_Swift3_0___Weather.framework; sourceTree = BUILT_PRODUCTS_DIR; };
		D6B521CC1E95FDB600D97E88 /* Swift3.0 - Weather.app */ = {isa = PBXFileReference; explicitFileType = wrapper.application; includeInIndex = 0; path = "Swift3.0 - Weather.app"; sourceTree = BUILT_PRODUCTS_DIR; };
		D6B521CF1E95FDB600D97E88 /* AppDelegate.swift */ = {isa = PBXFileReference; lastKnownFileType = sourcecode.swift; path = AppDelegate.swift; sourceTree = "<group>"; };
		D6B521D11E95FDB600D97E88 /* ViewController.swift */ = {isa = PBXFileReference; lastKnownFileType = sourcecode.swift; path = ViewController.swift; sourceTree = "<group>"; };
		D6B521D41E95FDB600D97E88 /* Base */ = {isa = PBXFileReference; lastKnownFileType = file.storyboard; name = Base; path = Base.lproj/Main.storyboard; sourceTree = "<group>"; };
		D6B521D61E95FDB600D97E88 /* Assets.xcassets */ = {isa = PBXFileReference; lastKnownFileType = folder.assetcatalog; path = Assets.xcassets; sourceTree = "<group>"; };
		D6B521D91E95FDB600D97E88 /* Base */ = {isa = PBXFileReference; lastKnownFileType = file.storyboard; name = Base; path = Base.lproj/LaunchScreen.storyboard; sourceTree = "<group>"; };
		D6B521DB1E95FDB600D97E88 /* Info.plist */ = {isa = PBXFileReference; lastKnownFileType = text.plist.xml; path = Info.plist; sourceTree = "<group>"; };
/* End PBXFileReference section */

/* Begin PBXFrameworksBuildPhase section */
		D6B521C91E95FDB600D97E88 /* Frameworks */ = {
			isa = PBXFrameworksBuildPhase;
			buildActionMask = 2147483647;
			files = (
				E0681F970FA8C71CAA3E1297 /* Pods_Swift3_0___Weather.framework in Frameworks */,
			);
			runOnlyForDeploymentPostprocessing = 0;
		};
/* End PBXFrameworksBuildPhase section */

/* Begin PBXGroup section */
		94945C3001C187E43560C6D0 /* Frameworks */ = {
			isa = PBXGroup;
			children = (
				B8CD00E346D8863D7F227D66 /* Pods_Swift3_0___Weather.framework */,
			);
			name = Frameworks;
			sourceTree = "<group>";
		};
		A342DD389FBB3EBE5CEF0918 /* Pods */ = {
			isa = PBXGroup;
			children = (
				8EFD9D3A6B2EA04A45976D57 /* Pods-Swift3.0 - Weather.debug.xcconfig */,
				2C123716313BE372DBCA0B67 /* Pods-Swift3.0 - Weather.release.xcconfig */,
			);
			name = Pods;
			sourceTree = "<group>";
		};
		D6B521C31E95FDB600D97E88 = {
			isa = PBXGroup;
			children = (
				D6B521CE1E95FDB600D97E88 /* Swift3.0 - Weather */,
				D6B521CD1E95FDB600D97E88 /* Products */,
				A342DD389FBB3EBE5CEF0918 /* Pods */,
				94945C3001C187E43560C6D0 /* Frameworks */,
			);
			sourceTree = "<group>";
		};
		D6B521CD1E95FDB600D97E88 /* Products */ = {
			isa = PBXGroup;
			children = (
				D6B521CC1E95FDB600D97E88 /* Swift3.0 - Weather.app */,
			);
			name = Products;
			sourceTree = "<group>";
		};
		D6B521CE1E95FDB600D97E88 /* Swift3.0 - Weather */ = {
			isa = PBXGroup;
			children = (
				D6B521CF1E95FDB600D97E88 /* AppDelegate.swift */,
				D6B521D11E95FDB600D97E88 /* ViewController.swift */,
				D6B521D31E95FDB600D97E88 /* Main.storyboard */,
				D6B521D61E95FDB600D97E88 /* Assets.xcassets */,
				D6B521D81E95FDB600D97E88 /* LaunchScreen.storyboard */,
				D6B521DB1E95FDB600D97E88 /* Info.plist */,
			);
			path = "Swift3.0 - Weather";
			sourceTree = "<group>";
		};
/* End PBXGroup section */

/* Begin PBXNativeTarget section */
		D6B521CB1E95FDB600D97E88 /* Swift3.0 - Weather */ = {
			isa = PBXNativeTarget;
			buildConfigurationList = D6B521DE1E95FDB600D97E88 /* Build configuration list for PBXNativeTarget "Swift3.0 - Weather" */;
			buildPhases = (
				F75FF4ABEF5576CCD255EB1C /* [CP] Check Pods Manifest.lock */,
				D6B521C81E95FDB600D97E88 /* Sources */,
				D6B521C91E95FDB600D97E88 /* Frameworks */,
				D6B521CA1E95FDB600D97E88 /* Resources */,
				75DA7435574285ABC3728306 /* [CP] Embed Pods Frameworks */,
				5C6567C7CFF17019FFC47A5C /* [CP] Copy Pods Resources */,
			);
			buildRules = (
			);
			dependencies = (
			);
			name = "Swift3.0 - Weather";
			productName = "Swift3.0 - Weather";
			productReference = D6B521CC1E95FDB600D97E88 /* Swift3.0 - Weather.app */;
			productType = "com.apple.product-type.application";
		};
/* End PBXNativeTarget section */

/* Begin PBXProject section */
		D6B521C41E95FDB600D97E88 /* Project object */ = {
			isa = PBXProject;
			attributes = {
				LastSwiftUpdateCheck = 0810;
				LastUpgradeCheck = 0810;
				ORGANIZATIONNAME = crayon;
				TargetAttributes = {
					D6B521CB1E95FDB600D97E88 = {
						CreatedOnToolsVersion = 8.1;
						DevelopmentTeam = FWY5JT822S;
						ProvisioningStyle = Automatic;
					};
				};
			};
			buildConfigurationList = D6B521C71E95FDB600D97E88 /* Build configuration list for PBXProject "Swift3.0 - Weather" */;
			compatibilityVersion = "Xcode 3.2";
			developmentRegion = English;
			hasScannedForEncodings = 0;
			knownRegions = (
				en,
				Base,
			);
			mainGroup = D6B521C31E95FDB600D97E88;
			productRefGroup = D6B521CD1E95FDB600D97E88 /* Products */;
			projectDirPath = "";
			projectRoot = "";
			targets = (
				D6B521CB1E95FDB600D97E88 /* Swift3.0 - Weather */,
			);
		};
/* End PBXProject section */

/* Begin PBXResourcesBuildPhase section */
		D6B521CA1E95FDB600D97E88 /* Resources */ = {
			isa = PBXResourcesBuildPhase;
			buildActionMask = 2147483647;
			files = (
				D6B521DA1E95FDB600D97E88 /* LaunchScreen.storyboard in Resources */,
				D6B521D71E95FDB600D97E88 /* Assets.xcassets in Resources */,
				D6B521D51E95FDB600D97E88 /* Main.storyboard in Resources */,
			);
			runOnlyForDeploymentPostprocessing = 0;
		};
/* End PBXResourcesBuildPhase section */

/* Begin PBXShellScriptBuildPhase section */
		5C6567C7CFF17019FFC47A5C /* [CP] Copy Pods Resources */ = {
			isa = PBXShellScriptBuildPhase;
			buildActionMask = 2147483647;
			files = (
			);
			inputPaths = (
			);
			name = "[CP] Copy Pods Resources";
			outputPaths = (
			);
			runOnlyForDeploymentPostprocessing = 0;
			shellPath = /bin/sh;
			shellScript = "\"${SRCROOT}/Pods/Target Support Files/Pods-Swift3.0 - Weather/Pods-Swift3.0 - Weather-resources.sh\"\n";
			showEnvVarsInLog = 0;
		};
		75DA7435574285ABC3728306 /* [CP] Embed Pods Frameworks */ = {
			isa = PBXShellScriptBuildPhase;
			buildActionMask = 2147483647;
			files = (
			);
			inputPaths = (
			);
			name = "[CP] Embed Pods Frameworks";
			outputPaths = (
			);
			runOnlyForDeploymentPostprocessing = 0;
			shellPath = /bin/sh;
			shellScript = "\"${SRCROOT}/Pods/Target Support Files/Pods-Swift3.0 - Weather/Pods-Swift3.0 - Weather-frameworks.sh\"\n";
			showEnvVarsInLog = 0;
		};
		F75FF4ABEF5576CCD255EB1C /* [CP] Check Pods Manifest.lock */ = {
			isa = PBXShellScriptBuildPhase;
			buildActionMask = 2147483647;
			files = (
			);
			inputPaths = (
			);
			name = "[CP] Check Pods Manifest.lock";
			outputPaths = (
			);
			runOnlyForDeploymentPostprocessing = 0;
			shellPath = /bin/sh;
			shellScript = "diff \"${PODS_ROOT}/../Podfile.lock\" \"${PODS_ROOT}/Manifest.lock\" > /dev/null\nif [ $? != 0 ] ; then\n    # print error to STDERR\n    echo \"error: The sandbox is not in sync with the Podfile.lock. Run 'pod install' or update your CocoaPods installation.\" >&2\n    exit 1\nfi\n";
			showEnvVarsInLog = 0;
		};
/* End PBXShellScriptBuildPhase section */

/* Begin PBXSourcesBuildPhase section */
		D6B521C81E95FDB600D97E88 /* Sources */ = {
			isa = PBXSourcesBuildPhase;
			buildActionMask = 2147483647;
			files = (
				D6B521D21E95FDB600D97E88 /* ViewController.swift in Sources */,
				D6B521D01E95FDB600D97E88 /* AppDelegate.swift in Sources */,
			);
			runOnlyForDeploymentPostprocessing = 0;
		};
/* End PBXSourcesBuildPhase section */

/* Begin PBXVariantGroup section */
		D6B521D31E95FDB600D97E88 /* Main.storyboard */ = {
			isa = PBXVariantGroup;
			children = (
				D6B521D41E95FDB600D97E88 /* Base */,
			);
			name = Main.storyboard;
			sourceTree = "<group>";
		};
		D6B521D81E95FDB600D97E88 /* LaunchScreen.storyboard */ = {
			isa = PBXVariantGroup;
			children = (
				D6B521D91E95FDB600D97E88 /* Base */,
			);
			name = LaunchScreen.storyboard;
			sourceTree = "<group>";
		};
/* End PBXVariantGroup section */

/* Begin XCBuildConfiguration section */
		D6B521DC1E95FDB600D97E88 /* Debug */ = {
			isa = XCBuildConfiguration;
			buildSettings = {
				ALWAYS_SEARCH_USER_PATHS = NO;
				CLANG_ANALYZER_NONNULL = YES;
				CLANG_CXX_LANGUAGE_STANDARD = "gnu++0x";
				CLANG_CXX_LIBRARY = "libc++";
				CLANG_ENABLE_MODULES = YES;
				CLANG_ENABLE_OBJC_ARC = YES;
				CLANG_WARN_BOOL_CONVERSION = YES;
				CLANG_WARN_CONSTANT_CONVERSION = YES;
				CLANG_WARN_DIRECT_OBJC_ISA_USAGE = YES_ERROR;
				CLANG_WARN_DOCUMENTATION_COMMENTS = YES;
				CLANG_WARN_EMPTY_BODY = YES;
				CLANG_WARN_ENUM_CONVERSION = YES;
				CLANG_WARN_INFINITE_RECURSION = YES;
				CLANG_WARN_INT_CONVERSION = YES;
				CLANG_WARN_OBJC_ROOT_CLASS = YES_ERROR;
				CLANG_WARN_SUSPICIOUS_MOVES = YES;
				CLANG_WARN_UNREACHABLE_CODE = YES;
				CLANG_WARN__DUPLICATE_METHOD_MATCH = YES;
				"CODE_SIGN_IDENTITY[sdk=iphoneos*]" = "iPhone Developer";
				COPY_PHASE_STRIP = NO;
				DEBUG_INFORMATION_FORMAT = dwarf;
				ENABLE_STRICT_OBJC_MSGSEND = YES;
				ENABLE_TESTABILITY = YES;
				GCC_C_LANGUAGE_STANDARD = gnu99;
				GCC_DYNAMIC_NO_PIC = NO;
				GCC_NO_COMMON_BLOCKS = YES;
				GCC_OPTIMIZATION_LEVEL = 0;
				GCC_PREPROCESSOR_DEFINITIONS = (
					"DEBUG=1",
					"$(inherited)",
				);
				GCC_WARN_64_TO_32_BIT_CONVERSION = YES;
				GCC_WARN_ABOUT_RETURN_TYPE = YES_ERROR;
				GCC_WARN_UNDECLARED_SELECTOR = YES;
				GCC_WARN_UNINITIALIZED_AUTOS = YES_AGGRESSIVE;
				GCC_WARN_UNUSED_FUNCTION = YES;
				GCC_WARN_UNUSED_VARIABLE = YES;
				IPHONEOS_DEPLOYMENT_TARGET = 10.1;
				MTL_ENABLE_DEBUG_INFO = YES;
				ONLY_ACTIVE_ARCH = YES;
				SDKROOT = iphoneos;
				SWIFT_ACTIVE_COMPILATION_CONDITIONS = DEBUG;
				SWIFT_OPTIMIZATION_LEVEL = "-Onone";
				TARGETED_DEVICE_FAMILY = "1,2";
			};
			name = Debug;
		};
		D6B521DD1E95FDB600D97E88 /* Release */ = {
			isa = XCBuildConfiguration;
			buildSettings = {
				ALWAYS_SEARCH_USER_PATHS = NO;
				CLANG_ANALYZER_NONNULL = YES;
				CLANG_CXX_LANGUAGE_STANDARD = "gnu++0x";
				CLANG_CXX_LIBRARY = "libc++";
				CLANG_ENABLE_MODULES = YES;
				CLANG_ENABLE_OBJC_ARC = YES;
				CLANG_WARN_BOOL_CONVERSION = YES;
				CLANG_WARN_CONSTANT_CONVERSION = YES;
				CLANG_WARN_DIRECT_OBJC_ISA_USAGE = YES_ERROR;
				CLANG_WARN_DOCUMENTATION_COMMENTS = YES;
				CLANG_WARN_EMPTY_BODY = YES;
				CLANG_WARN_ENUM_CONVERSION = YES;
				CLANG_WARN_INFINITE_RECURSION = YES;
				CLANG_WARN_INT_CONVERSION = YES;
				CLANG_WARN_OBJC_ROOT_CLASS = YES_ERROR;
				CLANG_WARN_SUSPICIOUS_MOVES = YES;
				CLANG_WARN_UNREACHABLE_CODE = YES;
				CLANG_WARN__DUPLICATE_METHOD_MATCH = YES;
				"CODE_SIGN_IDENTITY[sdk=iphoneos*]" = "iPhone Developer";
				COPY_PHASE_STRIP = NO;
				DEBUG_INFORMATION_FORMAT = "dwarf-with-dsym";
				ENABLE_NS_ASSERTIONS = NO;
				ENABLE_STRICT_OBJC_MSGSEND = YES;
				GCC_C_LANGUAGE_STANDARD = gnu99;
				GCC_NO_COMMON_BLOCKS = YES;
				GCC_WARN_64_TO_32_BIT_CONVERSION = YES;
				GCC_WARN_ABOUT_RETURN_TYPE = YES_ERROR;
				GCC_WARN_UNDECLARED_SELECTOR = YES;
				GCC_WARN_UNINITIALIZED_AUTOS = YES_AGGRESSIVE;
				GCC_WARN_UNUSED_FUNCTION = YES;
				GCC_WARN_UNUSED_VARIABLE = YES;
				IPHONEOS_DEPLOYMENT_TARGET = 10.1;
				MTL_ENABLE_DEBUG_INFO = NO;
				SDKROOT = iphoneos;
				SWIFT_OPTIMIZATION_LEVEL = "-Owholemodule";
				TARGETED_DEVICE_FAMILY = "1,2";
				VALIDATE_PRODUCT = YES;
			};
			name = Release;
		};
		D6B521DF1E95FDB600D97E88 /* Debug */ = {
			isa = XCBuildConfiguration;
			baseConfigurationReference = 8EFD9D3A6B2EA04A45976D57 /* Pods-Swift3.0 - Weather.debug.xcconfig */;
			buildSettings = {
				ASSETCATALOG_COMPILER_APPICON_NAME = AppIcon;
				DEVELOPMENT_TEAM = FWY5JT822S;
				INFOPLIST_FILE = "Swift3.0 - Weather/Info.plist";
				LD_RUNPATH_SEARCH_PATHS = "$(inherited) @executable_path/Frameworks";
				PRODUCT_BUNDLE_IDENTIFIER = "com.yahoo.crayon1901.Swift3-0---Weather";
				PRODUCT_NAME = "$(TARGET_NAME)";
				SWIFT_VERSION = 3.0;
			};
			name = Debug;
		};
		D6B521E01E95FDB600D97E88 /* Release */ = {
			isa = XCBuildConfiguration;
			baseConfigurationReference = 2C123716313BE372DBCA0B67 /* Pods-Swift3.0 - Weather.release.xcconfig */;
			buildSettings = {
				ASSETCATALOG_COMPILER_APPICON_NAME = AppIcon;
				DEVELOPMENT_TEAM = FWY5JT822S;
				INFOPLIST_FILE = "Swift3.0 - Weather/Info.plist";
				LD_RUNPATH_SEARCH_PATHS = "$(inherited) @executable_path/Frameworks";
				PRODUCT_BUNDLE_IDENTIFIER = "com.yahoo.crayon1901.Swift3-0---Weather";
				PRODUCT_NAME = "$(TARGET_NAME)";
				SWIFT_VERSION = 3.0;
			};
			name = Release;
		};
/* End XCBuildConfiguration section */

/* Begin XCConfigurationList section */
		D6B521C71E95FDB600D97E88 /* Build configuration list for PBXProject "Swift3.0 - Weather" */ = {
			isa = XCConfigurationList;
			buildConfigurations = (
				D6B521DC1E95FDB600D97E88 /* Debug */,
				D6B521DD1E95FDB600D97E88 /* Release */,
			);
			defaultConfigurationIsVisible = 0;
			defaultConfigurationName = Release;
		};
		D6B521DE1E95FDB600D97E88 /* Build configuration list for PBXNativeTarget "Swift3.0 - Weather" */ = {
			isa = XCConfigurationList;
			buildConfigurations = (
				D6B521DF1E95FDB600D97E88 /* Debug */,
				D6B521E01E95FDB600D97E88 /* Release */,
			);
			defaultConfigurationIsVisible = 0;
		};
/* End XCConfigurationList section */
	};
	rootObject = D6B521C41E95FDB600D97E88 /* Project object */;
}
